
Microsoft Visual Studio Solution File, Format Version 12.00
# Visual Studio 15
VisualStudioVersion = 15.0.27130.2024
MinimumVisualStudioVersion = 10.0.40219.1
Project("{8BC9CEB8-8B4A-11D0-8D11-00A0C91BC942}") = "ProgrammingProblems", "ProgrammingProblems\ProgrammingProblems.vcxproj", "{EA1BF6A3-FF14-40A8-BFC7-AAD98D83E7D4}"
EndProject
Global
	GlobalSection(SolutionConfigurationPlatforms) = preSolution
		Debug|x64 = Debug|x64
		Debug|x86 = Debug|x86
		Release|x64 = Release|x64
		Release|x86 = Release|x86
	EndGlobalSection
	GlobalSection(ProjectConfigurationPlatforms) = postSolution
		{EA1BF6A3-FF14-40A8-BFC7-AAD98D83E7D4}.Debug|x64.ActiveCfg = Debug|x64
		{EA1BF6A3-FF14-40A8-BFC7-AAD98D83E7D4}.Debug|x64.Build.0 = Debug|x64
		{EA1BF6A3-FF14-40A8-BFC7-AAD98D83E7D4}.Debug|x86.ActiveCfg = Debug|Win32
		{EA1BF6A3-FF14-40A8-BFC7-AAD98D83E7D4}.Debug|x86.Build.0 = Debug|Win32
		{EA1BF6A3-FF14-40A8-BFC7-AAD98D83E7D4}.Release|x64.ActiveCfg = Release|x64
		{EA1BF6A3-FF14-40A8-BFC7-AAD98D83E7D4}.Release|x64.Build.0 = Release|x64
		{EA1BF6A3-FF14-40A8-BFC7-AAD98D83E7D4}.Release|x86.ActiveCfg = Release|Win32
		{EA1BF6A3-FF14-40A8-BFC7-AAD98D83E7D4}.Release|x86.Build.0 = Release|Win32
	EndGlobalSection
	GlobalSection(SolutionProperties) = preSolution
		HideSolutionNode = FALSE
	EndGlobalSection
	GlobalSection(ExtensibilityGlobals) = postSolution
		SolutionGuid = {DD18B702-A4DC-467E-B086-A7B8A480BFA1}
	EndGlobalSection
EndGlobal
