<?xml version="1.0" encoding="utf-8"?>
<Project ToolsVersion="4.0" xmlns="http://schemas.microsoft.com/developer/msbuild/2003">
  <ItemGroup>
    <Filter Include="Source Files">
      <UniqueIdentifier>{4FC737F1-C7A5-4376-A066-2A32D752A2FF}</UniqueIdentifier>
      <Extensions>cpp;c;cc;cxx;def;odl;idl;hpj;bat;asm;asmx</Extensions>
    </Filter>
    <Filter Include="Header Files">
      <UniqueIdentifier>{93995380-89BD-4b04-88EB-625FBE52EBFB}</UniqueIdentifier>
      <Extensions>h;hh;hpp;hxx;hm;inl;inc;xsd</Extensions>
    </Filter>
    <Filter Include="Resource Files">
      <UniqueIdentifier>{67DA6AB6-F800-4c08-8B7A-83BB121AAD01}</UniqueIdentifier>
      <Extensions>rc;ico;cur;bmp;dlg;rc2;rct;bin;rgs;gif;jpg;jpeg;jpe;resx;tiff;tif;png;wav;mfcribbon-ms</Extensions>
    </Filter>
  </ItemGroup>
  <ItemGroup>
    <ClCompile Include="src\Main.cpp">
      <Filter>Source Files</Filter>
    </ClCompile>
    <ClCompile Include="src\Products.cpp">
      <Filter>Source Files</Filter>
    </ClCompile>
    <ClCompile Include="src\EncodedMessage.cpp">
      <Filter>Source Files</Filter>
    </ClCompile>
    <ClCompile Include="src\Unival.cpp">
      <Filter>Source Files</Filter>
    </ClCompile>
    <ClCompile Include="src\SumOfNonAdjacentNumbers.cpp">
      <Filter>Source Files</Filter>
    </ClCompile>
    <ClCompile Include="src\JobScheduler.cpp">
      <Filter>Source Files</Filter>
    </ClCompile>
    <ClCompile Include="src\AutoComplete.cpp">
      <Filter>Source Files</Filter>
    </ClCompile>
    <ClCompile Include="src\CalculatePiMonteCarlo.cpp">
      <Filter>Source Files</Filter>
    </ClCompile>
    <ClCompile Include="src\RandomNumberFromStream.cpp">
      <Filter>Source Files</Filter>
    </ClCompile>
    <ClCompile Include="src\MaxValueOfSubArray.cpp">
      <Filter>Source Files</Filter>
    </ClCompile>
    <ClCompile Include="src\LinkedListIntersection.cpp">
      <Filter>Source Files</Filter>
    </ClCompile>
    <ClCompile Include="src\ClassroomTimes.cpp">
      <Filter>Source Files</Filter>
    </ClCompile>
    <ClCompile Include="src\StringFromDictionary.cpp">
      <Filter>Source Files</Filter>
    </ClCompile>
    <ClCompile Include="src\WallTilePath.cpp">
      <Filter>Source Files</Filter>
    </ClCompile>
    <ClCompile Include="src\LockBinaryTree.cpp">
      <Filter>Source Files</Filter>
    </ClCompile>
    <ClCompile Include="src\Regex.cpp">
      <Filter>Source Files</Filter>
    </ClCompile>
    <ClCompile Include="src\RemoveFromSinglyLinkedList.cpp">
      <Filter>Source Files</Filter>
    </ClCompile>
    <ClCompile Include="src\BracketMatching.cpp">
      <Filter>Source Files</Filter>
    </ClCompile>
    <ClCompile Include="src\TextJustification.cpp">
      <Filter>Source Files</Filter>
    </ClCompile>
    <ClCompile Include="src\RunLength.cpp">
      <Filter>Source Files</Filter>
    </ClCompile>
    <ClCompile Include="src\TrappedWater.cpp">
      <Filter>Source Files</Filter>
    </ClCompile>
    <ClCompile Include="src\EditDistance.cpp">
      <Filter>Source Files</Filter>
    </ClCompile>
    <ClCompile Include="src\Palindrome.cpp">
      <Filter>Source Files</Filter>
    </ClCompile>
    <ClCompile Include="src\RGBSort.cpp">
      <Filter>Source Files</Filter>
    </ClCompile>
    <ClCompile Include="src\SecondGreatestLinkedList.cpp">
      <Filter>Source Files</Filter>
    </ClCompile>
    <ClCompile Include="src\PowerOfASet.cpp">
      <Filter>Source Files</Filter>
    </ClCompile>
    <ClCompile Include="src\FlightItinerary.cpp">
      <Filter>Source Files</Filter>
    </ClCompile>
    <ClCompile Include="src\Stack.cpp">
      <Filter>Source Files</Filter>
    </ClCompile>
    <ClCompile Include="src\LinkedListNoMalloc.cpp">
      <Filter>Source Files</Filter>
    </ClCompile>
    <ClCompile Include="src\LinkedListNoMalloc.c">
      <Filter>Source Files</Filter>
    </ClCompile>
    <ClCompile Include="src\MaxValueOfSubArrayKadane.cpp">
      <Filter>Source Files</Filter>
    </ClCompile>
    <ClCompile Include="src\ArithmeticExpressionBinaryTree.cpp">
      <Filter>Source Files</Filter>
    </ClCompile>
    <ClCompile Include="src\ShuffleArray.cpp">
      <Filter>Source Files</Filter>
    </ClCompile>
    <ClCompile Include="src\LRUCache.cpp">
      <Filter>Source Files</Filter>
    </ClCompile>
    <ClCompile Include="src\ShortenURL.cpp">
      <Filter>Source Files</Filter>
    </ClCompile>
    <ClCompile Include="src\pow.cpp">
      <Filter>Source Files</Filter>
    </ClCompile>
    <ClCompile Include="src\CircularPrint.cpp">
      <Filter>Source Files</Filter>
    </ClCompile>
    <ClCompile Include="src\LinkedListNoMalloc_2.c">
      <Filter>Source Files</Filter>
    </ClCompile>
    <ClCompile Include="src\MaximumPathSum.cpp">
      <Filter>Source Files</Filter>
    </ClCompile>
    <ClCompile Include="src\bfs.cpp">
      <Filter>Source Files</Filter>
    </ClCompile>
    <ClCompile Include="src\stl\set.cpp">
      <Filter>Source Files</Filter>
    </ClCompile>
    <ClCompile Include="src\KeyValueTime.cpp">
      <Filter>Source Files</Filter>
    </ClCompile>
    <ClCompile Include="src\CodeWarrior\IsSquare.cpp">
      <Filter>Source Files</Filter>
    </ClCompile>
    <ClCompile Include="src\CodeWarrior\Evaporator.cpp">
      <Filter>Source Files</Filter>
    </ClCompile>
    <ClCompile Include="src\CodeWarrior\Tribonacci.cpp">
      <Filter>Source Files</Filter>
    </ClCompile>
    <ClCompile Include="src\CodeWarrior\BusStop.cpp">
      <Filter>Source Files</Filter>
    </ClCompile>
    <ClCompile Include="src\CodeWarrior\NumVowels.cpp">
      <Filter>Source Files</Filter>
    </ClCompile>
    <ClCompile Include="src\CodeWarrior\DigitalRoot.cpp">
      <Filter>Source Files</Filter>
    </ClCompile>
    <ClCompile Include="src\CodeWarrior\Palindrome.cpp">
      <Filter>Source Files</Filter>
    </ClCompile>
    <ClCompile Include="src\CodeWarrior\WhichAreIn.cpp">
      <Filter>Source Files</Filter>
    </ClCompile>
    <ClCompile Include="src\CodeWarrior\Snail.cpp">
      <Filter>Source Files</Filter>
    </ClCompile>
    <ClCompile Include="src\CodeWarrior\Rot13.cpp">
      <Filter>Source Files</Filter>
    </ClCompile>
    <ClCompile Include="src\CoinChange.cpp">
      <Filter>Source Files</Filter>
    </ClCompile>
    <ClCompile Include="src\LongestConsecutiveElements.cpp">
      <Filter>Source Files</Filter>
    </ClCompile>
    <ClCompile Include="src\CodeWarrior\GoingToZero.cpp">
      <Filter>Source Files</Filter>
    </ClCompile>
    <ClCompile Include="src\FactorialBigNumbers.cpp">
      <Filter>Source Files</Filter>
    </ClCompile>
    <ClCompile Include="src\CodeWarrior\FactorialTrailingZeroes.cpp">
      <Filter>Source Files</Filter>
    </ClCompile>
    <ClCompile Include="src\CalculateSquareRoot.cpp">
      <Filter>Source Files</Filter>
    </ClCompile>
    <ClCompile Include="src\CodeWarrior\BallUpwards.cpp">
      <Filter>Source Files</Filter>
    </ClCompile>
    <ClCompile Include="src\CodeWarrior\SupermarketQueue.cpp">
      <Filter>Source Files</Filter>
    </ClCompile>
    <ClCompile Include="src\IsPrime.cpp">
      <Filter>Source Files</Filter>
    </ClCompile>
    <ClCompile Include="src\PathThroughGameBoard.cpp">
      <Filter>Source Files</Filter>
    </ClCompile>
    <ClCompile Include="src\stl\Hash.cpp">
      <Filter>Source Files</Filter>
    </ClCompile>
    <ClCompile Include="src\ReverseNumber.cpp">
      <Filter>Source Files</Filter>
    </ClCompile>
    <ClCompile Include="src\ReverseBits.cpp">
      <Filter>Source Files</Filter>
    </ClCompile>
    <ClCompile Include="src\CountingBits.cpp">
      <Filter>Source Files</Filter>
    </ClCompile>
    <ClCompile Include="src\RomanNumerals.cpp">
      <Filter>Source Files</Filter>
    </ClCompile>
    <ClCompile Include="src\LongestCommonPrefix.cpp">
      <Filter>Source Files</Filter>
    </ClCompile>
    <ClCompile Include="ContiguousSum.cpp">
      <Filter>Source Files</Filter>
    </ClCompile>
  </ItemGroup>
</Project>